
Microsoft Visual Studio Solution File, Format Version 12.00
# Visual Studio Version 17
VisualStudioVersion = 17.10.35013.160
MinimumVisualStudioVersion = 10.0.40219.1
Project("{FAE04EC0-301F-11D3-BF4B-00C04F79EFBC}") = "library_project", "library_project\library_project.csproj", "{812D3601-456D-48A4-9E6E-A74AA4161C89}"
EndProject
Global
	GlobalSection(SolutionConfigurationPlatforms) = preSolution
		Debug|Any CPU = Debug|Any CPU
		Release|Any CPU = Release|Any CPU
	EndGlobalSection
	GlobalSection(ProjectConfigurationPlatforms) = postSolution
		{812D3601-456D-48A4-9E6E-A74AA4161C89}.Debug|Any CPU.ActiveCfg = Debug|Any CPU
		{812D3601-456D-48A4-9E6E-A74AA4161C89}.Debug|Any CPU.Build.0 = Debug|Any CPU
		{812D3601-456D-48A4-9E6E-A74AA4161C89}.Release|Any CPU.ActiveCfg = Release|Any CPU
		{812D3601-456D-48A4-9E6E-A74AA4161C89}.Release|Any CPU.Build.0 = Release|Any CPU
	EndGlobalSection
	GlobalSection(SolutionProperties) = preSolution
		HideSolutionNode = FALSE
	EndGlobalSection
	GlobalSection(ExtensibilityGlobals) = postSolution
		SolutionGuid = {89FF9CD9-6589-4E1E-8CC6-1061CA8D11BB}
	EndGlobalSection
EndGlobal
